# Generated by conda-lock.
# platform: linux-64
# input_hash: 441ee6f1d631c014cfeebe57951fa0b667b58af7c9181fecbd0c960f451f4ce2
@EXPLICIT
https://conda.anaconda.org/conda-forge/linux-64/_libgcc_mutex-0.1-conda_forge.tar.bz2#d7c89558ba9fa0495403155b64376d81
https://conda.anaconda.org/conda-forge/linux-64/ca-certificates-2022.12.7-ha878542_0.conda#ff9f73d45c4a07d6f424495288a26080
https://conda.anaconda.org/conda-forge/linux-64/ld_impl_linux-64-2.40-h41732ed_0.conda#7aca3059a1729aa76c597603f10b0dd3
https://conda.anaconda.org/conda-forge/linux-64/python_abi-3.11-3_cp311.conda#c2e2630ddb68cf52eec74dc7dfab20b5
https://conda.anaconda.org/conda-forge/noarch/tzdata-2022g-h191b570_0.conda#51fc4fcfb19f5d95ffc8c339db5068e8
https://conda.anaconda.org/conda-forge/linux-64/libgomp-12.2.0-h65d4601_19.tar.bz2#cedcee7c064c01c403f962c9e8d3c373
https://conda.anaconda.org/conda-forge/linux-64/_openmp_mutex-4.5-2_gnu.tar.bz2#73aaf86a425cc6e73fcf236a5a46396d
https://conda.anaconda.org/conda-forge/linux-64/libgcc-ng-12.2.0-h65d4601_19.tar.bz2#e4c94f80aef025c17ab0828cd85ef535
https://conda.anaconda.org/conda-forge/linux-64/bzip2-1.0.8-h7f98852_4.tar.bz2#a1fd65c7ccbf10880423d82bca54eb54
https://conda.anaconda.org/conda-forge/linux-64/libffi-3.4.2-h7f98852_5.tar.bz2#d645c6d2ac96843a2bfaccd2d62b3ac3
https://conda.anaconda.org/conda-forge/linux-64/libnsl-2.0.0-h7f98852_0.tar.bz2#39b1328babf85c7c3a61636d9cd50206
https://conda.anaconda.org/conda-forge/linux-64/libsodium-1.0.18-h36c2ea0_1.tar.bz2#c3788462a6fbddafdb413a9f9053e58d
https://conda.anaconda.org/conda-forge/linux-64/libuuid-2.32.1-h7f98852_1000.tar.bz2#772d69f030955d9646d3d0eaf21d859d
https://conda.anaconda.org/conda-forge/linux-64/libzlib-1.2.13-h166bdaf_4.tar.bz2#f3f9de449d32ca9b9c66a22863c96f41
https://conda.anaconda.org/conda-forge/linux-64/ncurses-6.3-h27087fc_1.tar.bz2#4acfc691e64342b9dae57cf2adc63238
https://conda.anaconda.org/conda-forge/linux-64/openssl-3.0.8-h0b41bf4_0.conda#e043403cd18faf815bf7705ab6c1e092
https://conda.anaconda.org/conda-forge/linux-64/xz-5.2.6-h166bdaf_0.tar.bz2#2161070d867d1b1204ea749c8eec4ef0
https://conda.anaconda.org/conda-forge/linux-64/yaml-0.2.5-h7f98852_2.tar.bz2#4cb3ad778ec2d5a7acbdf254eb1c42ae
https://conda.anaconda.org/conda-forge/linux-64/libsqlite-3.40.0-h753d276_0.tar.bz2#2e5f9a37d487e1019fd4d8113adb2f9f
https://conda.anaconda.org/conda-forge/linux-64/readline-8.1.2-h0f457ee_0.tar.bz2#db2ebbe2943aae81ed051a6a9af8e0fa
https://conda.anaconda.org/conda-forge/linux-64/tk-8.6.12-h27826a3_0.tar.bz2#5b8c42eb62e9fc961af70bdd6a26e168
https://conda.anaconda.org/conda-forge/linux-64/python-3.11.0-he550d4f_1_cpython.conda#8d14fc2aa12db370a443753c8230be1e
https://conda.anaconda.org/conda-forge/noarch/appdirs-1.4.4-pyh9f0ad1d_0.tar.bz2#5f095bc6454094e96f146491fd03633b
https://conda.anaconda.org/conda-forge/noarch/attrs-22.2.0-pyh71513ae_0.conda#8b76db7818a4e401ed4486c4c1635cd9
https://conda.anaconda.org/conda-forge/noarch/backrefs-5.2-pyhd8ed1ab_2.tar.bz2#1a411754469437108dc2000f945883f7
https://conda.anaconda.org/conda-forge/noarch/boto-2.49.0-py_0.tar.bz2#eff2d6d409ea32c4ccd7fad21a27989b
https://conda.anaconda.org/conda-forge/noarch/bracex-2.2.1-pyhd8ed1ab_0.tar.bz2#586272349d7bef5b1ef527b56dca73cb
https://conda.anaconda.org/conda-forge/noarch/certifi-2022.12.7-pyhd8ed1ab_0.conda#fb9addc3db06e56abe03e0e9f21a63e6
https://conda.anaconda.org/conda-forge/noarch/charset-normalizer-2.1.1-pyhd8ed1ab_0.tar.bz2#c1d5b294fbf9a795dec349a6f4d8be8e
https://conda.anaconda.org/conda-forge/noarch/click-8.1.3-unix_pyhd8ed1ab_2.tar.bz2#20e4087407c7cb04a40817114b333dbf
https://conda.anaconda.org/conda-forge/noarch/decorator-5.1.1-pyhd8ed1ab_0.tar.bz2#43afe5ab04e35e17ba28649471dd7364
https://conda.anaconda.org/conda-forge/noarch/filelock-3.9.0-pyhd8ed1ab_0.conda#1addc115923d646ca19ed90edc413506
https://conda.anaconda.org/conda-forge/noarch/idna-3.4-pyhd8ed1ab_0.tar.bz2#34272b248891bddccc64479f9a7fffed
https://conda.anaconda.org/conda-forge/noarch/iso8601-1.1.0-pyhd8ed1ab_0.tar.bz2#567e6f07f902fadce1b57d7bb1d0f363
https://conda.anaconda.org/conda-forge/noarch/jmespath-1.0.1-pyhd8ed1ab_0.tar.bz2#2cfa3e1cf3fb51bb9b17acc5b5e9ea11
https://conda.anaconda.org/conda-forge/noarch/jsonpointer-2.0-py_0.tar.bz2#07d85c22a3beb102a48cd123df84c2a6
https://conda.anaconda.org/conda-forge/linux-64/markupsafe-2.1.2-py311h2582759_0.conda#adb20bd57069614552adac60a020c36d
https://conda.anaconda.org/conda-forge/noarch/mdurl-0.1.0-pyhd8ed1ab_0.tar.bz2#f8dab71fdc13b1bf29a01248b156d268
https://conda.anaconda.org/conda-forge/noarch/mypy_extensions-1.0.0-pyha770c72_0.conda#4eccaeba205f0aed9ac3a9ea58568ca3
https://conda.anaconda.org/conda-forge/linux-64/netifaces-0.11.0-py311hd4cff14_1.tar.bz2#94bc25441073943cf531fa4567527b02
https://conda.anaconda.org/conda-forge/noarch/packaging-23.0-pyhd8ed1ab_0.conda#1ff2e3ca41f0ce16afec7190db28288b
https://conda.anaconda.org/conda-forge/noarch/pathspec-0.11.0-pyhd8ed1ab_0.conda#641ebf6fbbb8d5576c5280ba23ceaf76
https://conda.anaconda.org/conda-forge/noarch/pkgutil-resolve-name-1.3.10-pyhd8ed1ab_0.tar.bz2#89e3c7cdde7d3aaa2aee933b604dd07f
https://conda.anaconda.org/conda-forge/noarch/pycparser-2.21-pyhd8ed1ab_0.tar.bz2#076becd9e05608f8dc72757d5f3a91ff
https://conda.anaconda.org/conda-forge/noarch/pyparsing-3.0.9-pyhd8ed1ab_0.tar.bz2#e8fbc1b54b25f4b08281467bc13b70cc
https://conda.anaconda.org/conda-forge/linux-64/pyrsistent-0.19.3-py311h2582759_0.conda#e53876b66dcc4ba8a0afa63cd8502ac3
https://conda.anaconda.org/conda-forge/noarch/pysocks-1.7.1-pyha2e5f31_6.tar.bz2#2a7de29fb590ca14b5243c4c812c8025
https://conda.anaconda.org/conda-forge/linux-64/pyyaml-6.0-py311hd4cff14_5.tar.bz2#da8769492e423103c59f469f4f17f8d9
https://conda.anaconda.org/conda-forge/noarch/requestsexceptions-1.4.0-py_0.tar.bz2#cedf3ef3827c2732e80f7c84074f3a1d
https://conda.anaconda.org/conda-forge/noarch/resolvelib-0.5.4-pyhd8ed1ab_0.tar.bz2#89107e4dac516df78d53a2a729402f60
https://conda.anaconda.org/conda-forge/linux-64/ruamel.yaml.clib-0.2.7-py311h2582759_1.conda#5e997292429a22ad50c11af0a2cb0f08
https://conda.anaconda.org/conda-forge/noarch/setuptools-67.1.0-pyhd8ed1ab_0.conda#845dae446df791b5e1a3eaa6454640c1
https://conda.anaconda.org/conda-forge/noarch/six-1.16.0-pyh6c4a22f_0.tar.bz2#e5f25f8dbc060e9a8d912e432202afc2
https://conda.anaconda.org/conda-forge/noarch/subprocess-tee-0.4.1-pyhd8ed1ab_0.conda#b6c70bff0a95b912d1f22deaeb15b883
https://conda.anaconda.org/conda-forge/noarch/typing_extensions-4.4.0-pyha770c72_0.tar.bz2#2d93b130d148d7fc77e583677792fc6a
https://conda.anaconda.org/conda-forge/noarch/wheel-0.38.4-pyhd8ed1ab_0.tar.bz2#c829cfb8cb826acb9de0ac1a2df0a940
https://conda.anaconda.org/conda-forge/noarch/zipp-3.13.0-pyhd8ed1ab_0.conda#41b09d997939e83b231c4557a90c3b13
https://conda.anaconda.org/conda-forge/linux-64/cffi-1.15.1-py311h409f033_3.conda#9025d0786dbbe4bc91fd8e85502decce
https://conda.anaconda.org/conda-forge/noarch/httplib2-0.21.0-pyhd8ed1ab_0.tar.bz2#4381bbb62960d2a1796b713093873bcb
https://conda.anaconda.org/conda-forge/noarch/importlib-metadata-6.0.0-pyha770c72_0.conda#691644becbcdca9f73243450b1c63e62
https://conda.anaconda.org/conda-forge/noarch/importlib_resources-5.10.2-pyhd8ed1ab_0.conda#de76905f801c22fc43e624058574eab3
https://conda.anaconda.org/conda-forge/noarch/jinja2-3.1.2-pyhd8ed1ab_1.tar.bz2#c8490ed5c70966d232fdd389d0dbed37
https://conda.anaconda.org/conda-forge/noarch/jsonpatch-1.32-pyhd8ed1ab_0.tar.bz2#09150b51b0528a31a0f6500b96fdde82
https://conda.anaconda.org/conda-forge/noarch/markdown-it-py-2.1.0-pyhd8ed1ab_0.tar.bz2#d821ebc1ebe21d4cac2555278c2cd970
https://conda.anaconda.org/conda-forge/noarch/munch-2.5.0-py_0.tar.bz2#31d9e9be500e25ff0050bc9f57a6bcd7
https://conda.anaconda.org/conda-forge/noarch/pip-23.0-pyhd8ed1ab_0.conda#85b35999162ec95f9f999bac15279c02
https://conda.anaconda.org/conda-forge/noarch/pygments-2.14.0-pyhd8ed1ab_0.conda#c78cd16b11cd6a295484bd6c8f24bea1
https://conda.anaconda.org/conda-forge/linux-64/ruamel.yaml-0.17.21-py311hd4cff14_2.tar.bz2#1e3fa73ad16d9c64e8e3421861a49ec0
https://conda.anaconda.org/conda-forge/noarch/typing-extensions-4.4.0-hd8ed1ab_0.tar.bz2#be969210b61b897775a0de63cd9e9026
https://conda.anaconda.org/conda-forge/noarch/wcmatch-8.3-pyhd8ed1ab_0.tar.bz2#7b26016615249b6301e17c6bb8f48693
https://conda.anaconda.org/conda-forge/noarch/yamllint-1.29.0-pyhd8ed1ab_0.conda#769cd6ad3e31cf42cf570ae9232d68b3
https://conda.anaconda.org/conda-forge/linux-64/bcrypt-3.2.2-py311hd4cff14_1.tar.bz2#a0dcc7542547bc73d1cdcb5a7874318b
https://conda.anaconda.org/conda-forge/linux-64/brotlipy-0.7.0-py311hd4cff14_1005.tar.bz2#9bdac7084ecfc08338bae1b976535724
https://conda.anaconda.org/conda-forge/linux-64/cryptography-39.0.1-py311h9b4c7bb_0.conda#ff2353701b1fb3055422ca0e927348d5
https://conda.anaconda.org/conda-forge/noarch/jsonschema-4.17.3-pyhd8ed1ab_0.conda#723268a468177cd44568eb8f794e0d80
https://conda.anaconda.org/conda-forge/noarch/pbr-5.11.1-pyhd8ed1ab_0.conda#5bde4ebca51438054099b9527c904ecb
https://conda.anaconda.org/conda-forge/noarch/platformdirs-3.0.0-pyhd8ed1ab_0.conda#c34694044915d7f291ef257029f2e2af
https://conda.anaconda.org/conda-forge/linux-64/pynacl-1.5.0-py311hd4cff14_2.tar.bz2#8557e0732900a008d8b72e3effbd8521
https://conda.anaconda.org/conda-forge/noarch/rich-13.3.1-pyhd8ed1ab_1.conda#7f6cbdc439f3fe4c7a65fbeb4edad507
https://conda.anaconda.org/conda-forge/noarch/ansible-compat-2.2.7-pyhd8ed1ab_0.conda#3bb506c0c34071502e40df7376179f93
https://conda.anaconda.org/conda-forge/noarch/ansible-core-2.14.2-pyhd8ed1ab_0.conda#286de866e81f643cee8f580cd991faa6
https://conda.anaconda.org/conda-forge/linux-64/black-23.1.0-py311h38be061_0.conda#c737160bd5ce6abee26abc6a9e8da79c
https://conda.anaconda.org/conda-forge/noarch/enrich-1.2.7-pyhd8ed1ab_0.tar.bz2#da15e1be3c652c4621482c89c9d18234
https://conda.anaconda.org/conda-forge/noarch/os-service-types-1.7.0-pyh9f0ad1d_0.tar.bz2#4f270f68fdcd3c23a5a769afd9969499
https://conda.anaconda.org/conda-forge/noarch/paramiko-3.0.0-pyhd8ed1ab_0.conda#9159272243591905b0766ae53e942218
https://conda.anaconda.org/conda-forge/noarch/pyopenssl-23.0.0-pyhd8ed1ab_0.conda#d41957700e83bbb925928764cb7f8878
https://conda.anaconda.org/conda-forge/noarch/stevedore-4.1.1-pyhd8ed1ab_0.tar.bz2#c566e04c95081a6427e3e88820778022
https://conda.anaconda.org/conda-forge/noarch/ansible-lint-6.12.1-pyhd8ed1ab_0.conda#c107a003c2b408d6b8c0775254a2241d
https://conda.anaconda.org/conda-forge/noarch/dogpile.cache-1.1.8-pyhd8ed1ab_0.tar.bz2#1d53ef309576bf9bff31ea10f16912eb
https://conda.anaconda.org/conda-forge/noarch/urllib3-1.26.14-pyhd8ed1ab_0.conda#01f33ad2e0aaf6b5ba4add50dad5ad29
https://conda.anaconda.org/conda-forge/noarch/requests-2.28.2-pyhd8ed1ab_0.conda#11d178fc55199482ee48d6812ea83983
https://conda.anaconda.org/conda-forge/noarch/keystoneauth1-5.1.1-pyhd8ed1ab_0.conda#be51610eecd0939b596d21324da31855
https://conda.anaconda.org/conda-forge/linux-64/openstacksdk-0.103.0-py311h38be061_0.conda#93b851e65f67c8fc5aac19cbbc1f1ed9
https://conda.anaconda.org/conda-forge/linux-64/ansible-7.2.0-py311h38be061_0.conda#613b05ffb58b8bd4ccdc54d8e7abcf64
